
Microsoft Visual Studio Solution File, Format Version 12.00
# Visual Studio Version 17
VisualStudioVersion = 17.3.32825.248
MinimumVisualStudioVersion = 10.0.40219.1
Project("{8BC9CEB8-8B4A-11D0-8D11-00A0C91BC942}") = "ScrumTeam7", "ScrumTeam7\ScrumTeam7.vcxproj", "{50CBD80D-CADB-4135-8615-7CAC22F7D132}"
EndProject
Global
	GlobalSection(SolutionConfigurationPlatforms) = preSolution
		Debug|x64 = Debug|x64
		Debug|x86 = Debug|x86
		Release|x64 = Release|x64
		Release|x86 = Release|x86
	EndGlobalSection
	GlobalSection(ProjectConfigurationPlatforms) = postSolution
		{50CBD80D-CADB-4135-8615-7CAC22F7D132}.Debug|x64.ActiveCfg = Debug|x64
		{50CBD80D-CADB-4135-8615-7CAC22F7D132}.Debug|x64.Build.0 = Debug|x64
		{50CBD80D-CADB-4135-8615-7CAC22F7D132}.Debug|x86.ActiveCfg = Debug|Win32
		{50CBD80D-CADB-4135-8615-7CAC22F7D132}.Debug|x86.Build.0 = Debug|Win32
		{50CBD80D-CADB-4135-8615-7CAC22F7D132}.Release|x64.ActiveCfg = Release|x64
		{50CBD80D-CADB-4135-8615-7CAC22F7D132}.Release|x64.Build.0 = Release|x64
		{50CBD80D-CADB-4135-8615-7CAC22F7D132}.Release|x86.ActiveCfg = Release|Win32
		{50CBD80D-CADB-4135-8615-7CAC22F7D132}.Release|x86.Build.0 = Release|Win32
	EndGlobalSection
	GlobalSection(SolutionProperties) = preSolution
		HideSolutionNode = FALSE
	EndGlobalSection
	GlobalSection(ExtensibilityGlobals) = postSolution
		SolutionGuid = {CC49CD3A-10BD-4496-B780-3629ABAF497C}
	EndGlobalSection
EndGlobal
