<?xml version="1.0" encoding="utf-8"?>
<Project ToolsVersion="4.0" xmlns="http://schemas.microsoft.com/developer/msbuild/2003">
  <ItemGroup>
    <ClCompile Include="Actors.cpp" />
    <ClCompile Include="BaseAmmo.cpp" />
    <ClCompile Include="BaseEnemy.cpp" />
    <ClCompile Include="BaseTower.cpp" />
    <ClCompile Include="Button.cpp" />
    <ClCompile Include="Button2.cpp" />
    <ClCompile Include="DE_Ammo.cpp" />
    <ClCompile Include="DE_Lehrer.cpp" />
    <ClCompile Include="Emo.cpp" />
    <ClCompile Include="Entity.cpp" />
    <ClCompile Include="EN_Ammo.cpp" />
    <ClCompile Include="EN_Lehrer.cpp" />
    <ClCompile Include="Geld.cpp" />
    <ClCompile Include="INF_Ammo.cpp" />
    <ClCompile Include="INF_Lehrer.cpp" />
    <ClCompile Include="Karte.cpp" />
    <ClCompile Include="Level.cpp" />
    <ClCompile Include="Level_1.cpp" />
    <ClCompile Include="Level_2.cpp" />
    <ClCompile Include="Level_3.cpp" />
    <ClCompile Include="Level_Endless.cpp" />
    <ClCompile Include="Level_Final.cpp" />
    <ClCompile Include="Level_Selector.cpp" />
    <ClCompile Include="main.cpp" />
    <ClCompile Include="Mathelehrer.cpp" />
    <ClCompile Include="MA_Ammo.cpp" />
    <ClCompile Include="Menu.cpp" />
    <ClCompile Include="Menu_Options.cpp" />
    <ClCompile Include="Menu_Pause.cpp" />
    <ClCompile Include="METAL_Ammo.cpp" />
    <ClCompile Include="METAL_Lehrer.cpp" />
    <ClCompile Include="Nerd.cpp" />
    <ClCompile Include="Randomizer.cpp" />
    <ClCompile Include="Shop.cpp" />
    <ClCompile Include="Simp.cpp" />
    <ClCompile Include="Steroidenking.cpp" />
    <ClCompile Include="TestAmmo.cpp" />
    <ClCompile Include="TestEnemy.cpp" />
    <ClCompile Include="TestTower.cpp" />
    <ClCompile Include="TowerSelect.cpp" />
    <ClCompile Include="Wellen.cpp" />
    <ClCompile Include="Test_Level.cpp" />
    <ClCompile Include="Window.cpp" />
  </ItemGroup>
  <ItemGroup>
    <ClInclude Include="Actors.h" />
    <ClInclude Include="BaseAmmo.h" />
    <ClInclude Include="BaseEnemy.h" />
    <ClInclude Include="BaseTower.h" />
    <ClInclude Include="Button.h" />
    <ClInclude Include="Button2.h" />
    <ClInclude Include="DE_Ammo.h" />
    <ClInclude Include="DE_Lehrer.h" />
    <ClInclude Include="Emo.h" />
    <ClInclude Include="Entity.h" />
    <ClInclude Include="enums.h" />
    <ClInclude Include="EN_Ammo.h" />
    <ClInclude Include="EN_Lehrer.h" />
    <ClInclude Include="Geld.h" />
    <ClInclude Include="INF_Ammo.h" />
    <ClInclude Include="INF_Lehrer.h" />
    <ClInclude Include="Level.h" />
    <ClInclude Include="Level_1.h" />
    <ClInclude Include="Level_2.h" />
    <ClInclude Include="Level_3.h" />
    <ClInclude Include="Level_Endless.h" />
    <ClInclude Include="Level_Final.h" />
    <ClInclude Include="Level_Selector.h" />
    <ClInclude Include="Mathelehrer.h" />
    <ClInclude Include="MA_Ammo.h" />
    <ClInclude Include="Menu.h" />
    <ClInclude Include="Menu_Options.h" />
    <ClInclude Include="Menu_Pause.h" />
    <ClInclude Include="METAL_Ammo.h" />
    <ClInclude Include="METAL_Lehrer.h" />
    <ClInclude Include="Nerd.h" />
    <ClInclude Include="Randomizer.h" />
    <ClInclude Include="Karte.h" />
    <ClInclude Include="Shop.h" />
    <ClInclude Include="Simp.h" />
    <ClInclude Include="Status_Effect.h" />
    <ClInclude Include="Steroidenking.h" />
    <ClInclude Include="TestAmmo.h" />
    <ClInclude Include="TestEnemy.h" />
    <ClInclude Include="TestTower.h" />
    <ClInclude Include="TowerSelect.h" />
    <ClInclude Include="Wellen.h" />
    <ClInclude Include="Test_Level.h" />
    <ClInclude Include="Window.h" />
  </ItemGroup>
</Project>